
Microsoft Visual Studio Solution File, Format Version 12.00
# Visual Studio Version 16
VisualStudioVersion = 16.0.29613.14
MinimumVisualStudioVersion = 10.0.40219.1
Project("{9A19103F-16F7-4668-BE54-9A1E7A4F7556}") = "JobFinder.Web", "JobFinder.Web.csproj", "{1E54DED4-848D-4AC8-845E-DEC8EA59F04B}"
EndProject
Project("{9A19103F-16F7-4668-BE54-9A1E7A4F7556}") = "JobFinder.Data", "..\JobFinder.Data\JobFinder.Data.csproj", "{2059C6FB-3B22-4633-A7B7-34B30C7F231D}"
EndProject
Project("{FAE04EC0-301F-11D3-BF4B-00C04F79EFBC}") = "JobFinder.Services", "..\JobFinder.Services\JobFinder.Services.csproj", "{9E55F04B-30F9-48A5-A3BA-DFF67397AE5D}"
EndProject
Global
	GlobalSection(SolutionConfigurationPlatforms) = preSolution
		Debug|Any CPU = Debug|Any CPU
		Release|Any CPU = Release|Any CPU
	EndGlobalSection
	GlobalSection(ProjectConfigurationPlatforms) = postSolution
		{1E54DED4-848D-4AC8-845E-DEC8EA59F04B}.Debug|Any CPU.ActiveCfg = Debug|Any CPU
		{1E54DED4-848D-4AC8-845E-DEC8EA59F04B}.Debug|Any CPU.Build.0 = Debug|Any CPU
		{1E54DED4-848D-4AC8-845E-DEC8EA59F04B}.Release|Any CPU.ActiveCfg = Release|Any CPU
		{1E54DED4-848D-4AC8-845E-DEC8EA59F04B}.Release|Any CPU.Build.0 = Release|Any CPU
		{2059C6FB-3B22-4633-A7B7-34B30C7F231D}.Debug|Any CPU.ActiveCfg = Debug|Any CPU
		{2059C6FB-3B22-4633-A7B7-34B30C7F231D}.Debug|Any CPU.Build.0 = Debug|Any CPU
		{2059C6FB-3B22-4633-A7B7-34B30C7F231D}.Release|Any CPU.ActiveCfg = Release|Any CPU
		{2059C6FB-3B22-4633-A7B7-34B30C7F231D}.Release|Any CPU.Build.0 = Release|Any CPU
		{9E55F04B-30F9-48A5-A3BA-DFF67397AE5D}.Debug|Any CPU.ActiveCfg = Debug|Any CPU
		{9E55F04B-30F9-48A5-A3BA-DFF67397AE5D}.Debug|Any CPU.Build.0 = Debug|Any CPU
		{9E55F04B-30F9-48A5-A3BA-DFF67397AE5D}.Release|Any CPU.ActiveCfg = Release|Any CPU
		{9E55F04B-30F9-48A5-A3BA-DFF67397AE5D}.Release|Any CPU.Build.0 = Release|Any CPU
	EndGlobalSection
	GlobalSection(SolutionProperties) = preSolution
		HideSolutionNode = FALSE
	EndGlobalSection
	GlobalSection(ExtensibilityGlobals) = postSolution
		SolutionGuid = {E2F98A35-F2B0-4BF7-8096-C4581CE3A8BF}
	EndGlobalSection
EndGlobal
